{
    "version": 3,
    "terraform_version": "0.11.10",
    "serial": 2,
    "lineage": "f092c546-b29a-28ab-3bba-c8b38f1ac60a",
    "modules": [
        {
            "path": [
                "root"
            ],
            "outputs": {},
            "resources": {
                "google_container_cluster.primary": {
                    "type": "google_container_cluster",
                    "depends_on": [],
                    "primary": {
                        "id": "kubernetes-cluster",
                        "attributes": {
                            "additional_zones.#": "0",
                            "addons_config.#": "1",
                            "addons_config.0.horizontal_pod_autoscaling.#": "0",
                            "addons_config.0.http_load_balancing.#": "0",
                            "addons_config.0.kubernetes_dashboard.#": "1",
                            "addons_config.0.kubernetes_dashboard.0.disabled": "true",
                            "addons_config.0.network_policy_config.#": "1",
                            "addons_config.0.network_policy_config.0.disabled": "true",
                            "cluster_autoscaling.#": "0",
                            "cluster_ipv4_cidr": "10.24.0.0/14",
                            "description": "",
                            "enable_kubernetes_alpha": "false",
                            "enable_legacy_abac": "false",
                            "endpoint": "35.228.25.120",
                            "id": "kubernetes-cluster",
                            "initial_node_count": "3",
                            "instance_group_urls.#": "1",
                            "instance_group_urls.0": "https://www.googleapis.com/compute/v1/projects/uusip-235107/zones/europe-north1-b/instanceGroups/gke-kubernetes-cluster-default-pool-befbe6ab-grp",
                            "ip_allocation_policy.#": "0",
                            "logging_service": "logging.googleapis.com",
                            "maintenance_policy.#": "0",
                            "master_auth.#": "1",
                            "master_auth.0.client_certificate": "LS0tLS1CRUdJTiBDRVJUSUZJQ0FURS0tLS0tCk1JSUMyakNDQWNLZ0F3SUJBZ0lRVy9ybldZaUJKYkZIQWZsNnhONjFkVEFOQmdrcWhraUc5dzBCQVFzRkFEQXYKTVMwd0t3WURWUVFERXlRM01qRm1OR0ZoTnkwMVpHRTFMVFJrTlRFdFlXWTRNQzB5TW1Wa1lqSmtNR0ppTVRrdwpIaGNOTVRrd016SXdNVEF6TlRVNFdoY05NalF3TXpFNE1UQXpOVFU0V2pBUk1ROHdEUVlEVlFRREV3WmpiR2xsCmJuUXdnZ0VpTUEwR0NTcUdTSWIzRFFFQkFRVUFBNElCRHdBd2dnRUtBb0lCQVFDdGhrcVZHT0QvQWIrUjhScEcKSWFjZVU4ZGd4R0FiY21BNnFOSStaRDRyMFRKdEtGRTB1VmxadWprSHZFeDFjRkxIWjdnL01JdDFKS2pNbkd3agpMeXJRMWdha3k2aEVJNG1DdElZQjZZWGZyM25yTnppSHNSeXh5RmlYSkVsMlNQenBHSzlCdDU3U2RyTzFyaUJXCnM3SjhOSjRWVXZyczVEelFxRHhtZ09jOVVwQ0ZmWFk2ajgyd0tiQ3ROaDNMaFJESWh0SFIwT25ST3JkbUp1bnQKdEZYRWhZRDVMQTBTbWhZRE9rMXhIMnN1Rk1qd2RFTEZGRjY4R3R0b3NtQ1ZqMy9mUkRRMHBPUXUyaUQ1Y0RuNApjL05RWS92WXoxZ1RnQ1BRMEk4STdvdmVnMGNsMy9JWDJKRXlPUUt1VEZZMzVYcHVKanJQV2N3WnhOeXozZ1RxCmhqZnJBZ01CQUFHakVEQU9NQXdHQTFVZEV3RUIvd1FDTUFBd0RRWUpLb1pJaHZjTkFRRUxCUUFEZ2dFQkFEWk4KWE8zWU9sUW5kQVIrRTVzS2s2eUdSTyt2N3c3L0pwNEplQUE2ZEwweldXekNCaklYUE5KckpEQzY0TlNONzZZNwp4ZUwvK0R2OENOaU96UTZ0OTh5UHJFWWR5cHlzWTUrTTA0TGYzWlFobzM3TkFhQ3ZHR3R1VkNsLy95Q3loWDFuCmliMW1mdmp0Y1UvL0ZZZkcvZzFlblF1UUNsdFlLQTBuZDRxVFJqWEQxYldiNzlwU3ZocW5UQWRSMTJubnI2V1YKSUt2QnppcVdkN3hBKzkwZTd2akZmS2YwSzZmL0J5M2thWGdUZGR3VzUvaStTSlU5Q3crUXM4QUlUcFJTS0hSUwpVTDN6S05RWUlVaFhka3hVc3JXczNWWm55bitWNVZOVTRLcUVhTEdCMENVVUIyaVlVUk01TGdyWktvQVNEU2U3Ckp3R0NFMDBNcEo2d2QvY1RKbkE9Ci0tLS0tRU5EIENFUlRJRklDQVRFLS0tLS0K",
                            "master_auth.0.client_certificate_config.#": "0",
                            "master_auth.0.client_key": "LS0tLS1CRUdJTiBSU0EgUFJJVkFURSBLRVktLS0tLQpNSUlFb1FJQkFBS0NBUUVBcllaS2xSamcvd0cva2ZFYVJpR25IbFBIWU1SZ0czSmdPcWpTUG1RK0s5RXliU2hSCk5MbFpXYm81Qjd4TWRYQlN4MmU0UHpDTGRTU296SnhzSXk4cTBOWUdwTXVvUkNPSmdyU0dBZW1GMzY5NTZ6YzQKaDdFY3NjaFlseVJKZGtqODZSaXZRYmVlMG5henRhNGdWck95ZkRTZUZWTDY3T1E4MEtnOFpvRG5QVktRaFgxMgpPby9Oc0Ntd3JUWWR5NFVReUliUjBkRHAwVHEzWmlicDdiUlZ4SVdBK1N3TkVwb1dBenBOY1I5ckxoVEk4SFJDCnhSUmV2QnJiYUxKZ2xZOS8zMFEwTktUa0x0b2crWEE1K0hQelVHUDcyTTlZRTRBajBOQ1BDTzZMM29OSEpkL3kKRjlpUk1qa0Nya3hXTitWNmJpWTZ6MW5NR2NUY3M5NEU2b1kzNndJREFRQUJBb0lCQUVaL1RCYTE1RmNGM1ZBTAovWW9uaXU5Qnh6c3puUDRab2luQ3c2UFFjd2UzTm43dGhjeGZUd01xcXBmUGN0cTFkeFFIT2U0R0tXbytxZ3R5CnMyWTU5L0dmT2xUQ1hzck1DMFpjVkNNN3ZnVnFFNlN4cXhoSnB1ZzlobXhsTkNsSHJ1UitnRms1SWQvTWxPZEgKWm1FRElZemZqYWdKTGVPSE9JUG5EWjd4V01EcStiYnlDTEJTTWtUcUxZQ1BLc0tDOW5sZCtqRUtmYmNsQmhlQwprN3RZUm5SR3Q3WSs3eHo0K0xNblhCRXp4Yjlrbnh2cWllZVVIblcvWjY3TnJBbWppSUsyMXFvcENFTXh6OEhRClpsYlZpdXUxMFZtRGdONkZnTVd1K1d0ejdLZlRjSkc3dG0yTms4dFhRbjllcEgvWTV1UGRSWkttc0FPRGxFZVkKUFRuanBOVUNnWUVBNkR0aDdxd2t4bTVxTEdRTHBHSlhRaERjRmVLTGZjVUpITHVTZytJUGw5Y1FMSEt1akhFdQpDcVFtVzR1WHBFWjc4ZU5wV2tpMVZnOU5XczRFUGl6YVNINE05aUIzcmhaV3l5bG4wTW5ZQ0FleTRaT0RET3RYCmtINjkrR2xkbkVaKzczYVJNNkJEV1Zwc21hejlTc2N3QjY4WnhzekdLbWJ3cXZNZVZMWXZ2MFVDZ1lFQXYwaTkKWmg5QjFtWGZJRmVRQVFIY1NjWlBrTXduOE1QS3JNeXlRbzdQSS9idjJQRDZZR2hGUnBWTTNOYnBuUUJvemVSMwpiL29nMnJVdHRzV3hrRW9NM2x6M3JOVUxMTzQ5bTl4QWRzUDl2Mlk5b0xZOFFkU0tHSk5pUlRoTjRzRnVsbWtOCjFTa1FMdytDMjdITUozOFpMUWdEbmlOanY0V1lUMjZwY1BkbE5XOENnWUVBeGRlUkh0dlltSlFJTDdrcmtlZVYKbnRydUpGYlRyMW5rNFcySzdIL3grTkZuSGZhMWJVQWVrVUkyeTFhbzRYS0t0UStmK1NKb0dlRC9iWlNGV05LdApRNFRmVmU5akJoUlI3TkpoZHlYOXZSbVI4MHJRSW5sOEo4VlI0Z2Noa0xrZCtyTndFQ05BUFNjanplZnFBWUtnCkVHdkQ4ZkVTQVoyZytvSVVIT2I0MW1FQ2dZQTNFVWJOUm9SYXA1c3pvV0dvbUpPRmZaemNUNW5UKzFtMm8zdFMKSS9ESUpzZm55WUFiRHdtYWgxTElaT3ArTTJiNGx5UTNUV2YxN3FESmRHSm82cGlIejNYU0FNY2wyVFJOVVh3UgpkTnp4SkFycjRHcTZmT2lBcUxWcXZnbldGTiswVjJ3UENMSkxDZ2tmSERGczBXODdBb3FnRlFvYlVlZUdQcEp6CkhoVzU2d0ovU3htdVNiMVdQNFliUnpvQXFiMTN4WGtvQUFpSDFQY0VZMDBsRGtWV0g1WDZuL3NZVWNMOVVnZ0QKVWhSeHZ2aG1iYmVlbGFCT29wUEkwZnBaSmpkWDRyWGxQNzJtNEpDc2MyTGp5M0tBSVRqSFg3eTZWMmY4TjlZUQprbGE1Z1dYalZpd1g5UEFlK3pzckVSTUYydmt0eWhtMG5vRkY5OExjTEx0ckdqMmhMUT09Ci0tLS0tRU5EIFJTQSBQUklWQVRFIEtFWS0tLS0tCg==",
                            "master_auth.0.cluster_ca_certificate": "LS0tLS1CRUdJTiBDRVJUSUZJQ0FURS0tLS0tCk1JSURERENDQWZTZ0F3SUJBZ0lSQU85d2R6dEg5NGx2VTB2SW5oOGExWTR3RFFZSktvWklodmNOQVFFTEJRQXcKTHpFdE1Dc0dBMVVFQXhNa056SXhaalJoWVRjdE5XUmhOUzAwWkRVeExXRm1PREF0TWpKbFpHSXlaREJpWWpFNQpNQjRYRFRFNU1ETXlNREE1TXpVMU4xb1hEVEkwTURNeE9ERXdNelUxTjFvd0x6RXRNQ3NHQTFVRUF4TWtOekl4ClpqUmhZVGN0TldSaE5TMDBaRFV4TFdGbU9EQXRNakpsWkdJeVpEQmlZakU1TUlJQklqQU5CZ2txaGtpRzl3MEIKQVFFRkFBT0NBUThBTUlJQkNnS0NBUUVBeXVlUW1LaGszVThveU9CV2ErTnNjWGtVYmxWZ3pkcmNzd2dUT2U1TApvSURBSERGUDlybEh1cnVKcjloM0dIcE94UE8zaENrMHVlTlhMVDEyUGVUME1Ld3phUkxWT1dOQXVMWVBEa0xJCjRQVEZUNXJoTlVsdTlCc0xXRE0vZG55aVVSQXh5VStKL2lDYThTM1VrRkREWG43ME9zdnNQVDRlZEFyQ0ZORUwKUWlidmdGdXp1WWFOa3p6V0JpeUZjK0FYRGFJdng0bGwxSVoyS25ZWDA4UGlrTHRyUy9UMEVSdlBRMUJMYXJnNApIdHM2SW1Ma0FCN2lMejJxM2FRdDFuNmtsM0krWGJMbTBUV3N5K0xZbGlTa0o0N1hGWHlqRDROZGRWZ0VXZ0crCitOaHBWRDErV0pFU3ZScTBpZHozVDhIWmh6N2IzQldsVFp0aURmT0ZDL0xBR3dJREFRQUJveU13SVRBT0JnTlYKSFE4QkFmOEVCQU1DQWdRd0R3WURWUjBUQVFIL0JBVXdBd0VCL3pBTkJna3Foa2lHOXcwQkFRc0ZBQU9DQVFFQQpVM1JZSTBCOXViemtsdEc4cFlvdk45WHMwRGlOVG9mU0poNXVHRVBZeDVvYlJadkFXSWpVU2c3VXYzQmlsWlRtCnBRNm9RNEZrbkhKQmZTTjFBMmNTMjg0alZjSXQ2MGkram9HQ1d4RW9hZjdhWEJVUXZzNFIxcENVR21VUHc5S1cKQVM5Y3NMR1g1bWlWbGtsTkpKczdZczN4Mm1EY1YzQytIdDJEaG4za2E5N3dNRUpBZlBTVXBVNHFZSVFaWEVzSAp3M2djajZ4eVIvZVBoYmJnUzVXWkQvL2UzL3E1MHAyQnUyNmRmdHo4Y2RCRjg4UFgwTVJvbkRGM2lKeDFEaGVmCjVVQ3ZleVpqbVFIRTh6K1hNcXA1UlB6UG9jTXRQRjYvQUZXV0xiNGFjdTE5ZUpMR0pHekcrQmNpaDVoenZSbEwKc2lueHVOclR2SFMzQ2plRWhTZ0xBdz09Ci0tLS0tRU5EIENFUlRJRklDQVRFLS0tLS0K",
                            "master_auth.0.password": "pGOAmTAr7SrRwT2Y",
                            "master_auth.0.username": "admin",
                            "master_authorized_networks_config.#": "0",
                            "master_version": "1.11.7-gke.4",
                            "monitoring_service": "monitoring.googleapis.com",
                            "name": "kubernetes-cluster",
                            "network": "projects/uusip-235107/global/networks/default",
                            "network_policy.#": "1",
                            "network_policy.0.enabled": "false",
                            "network_policy.0.provider": "PROVIDER_UNSPECIFIED",
                            "node_config.#": "1",
                            "node_config.0.disk_size_gb": "100",
                            "node_config.0.disk_type": "pd-standard",
                            "node_config.0.guest_accelerator.#": "0",
                            "node_config.0.image_type": "COS",
                            "node_config.0.labels.%": "0",
                            "node_config.0.local_ssd_count": "0",
                            "node_config.0.machine_type": "n1-standard-1",
                            "node_config.0.metadata.%": "0",
                            "node_config.0.min_cpu_platform": "",
                            "node_config.0.oauth_scopes.#": "6",
                            "node_config.0.oauth_scopes.1277378754": "https://www.googleapis.com/auth/monitoring",
                            "node_config.0.oauth_scopes.1632638332": "https://www.googleapis.com/auth/devstorage.read_only",
                            "node_config.0.oauth_scopes.172152165": "https://www.googleapis.com/auth/logging.write",
                            "node_config.0.oauth_scopes.316356861": "https://www.googleapis.com/auth/service.management.readonly",
                            "node_config.0.oauth_scopes.3663490875": "https://www.googleapis.com/auth/servicecontrol",
                            "node_config.0.oauth_scopes.3859019814": "https://www.googleapis.com/auth/trace.append",
                            "node_config.0.preemptible": "false",
                            "node_config.0.service_account": "default",
                            "node_config.0.tags.#": "0",
                            "node_config.0.taint.#": "0",
                            "node_config.0.workload_metadata_config.#": "0",
                            "node_pool.#": "1",
                            "node_pool.0.autoscaling.#": "0",
                            "node_pool.0.initial_node_count": "3",
                            "node_pool.0.instance_group_urls.#": "1",
                            "node_pool.0.instance_group_urls.0": "https://www.googleapis.com/compute/v1/projects/uusip-235107/zones/europe-north1-b/instanceGroupManagers/gke-kubernetes-cluster-default-pool-befbe6ab-grp",
                            "node_pool.0.management.#": "1",
                            "node_pool.0.management.0.auto_repair": "false",
                            "node_pool.0.management.0.auto_upgrade": "false",
                            "node_pool.0.max_pods_per_node": "0",
                            "node_pool.0.name": "default-pool",
                            "node_pool.0.name_prefix": "",
                            "node_pool.0.node_config.#": "1",
                            "node_pool.0.node_config.0.disk_size_gb": "100",
                            "node_pool.0.node_config.0.disk_type": "pd-standard",
                            "node_pool.0.node_config.0.guest_accelerator.#": "0",
                            "node_pool.0.node_config.0.image_type": "COS",
                            "node_pool.0.node_config.0.labels.%": "0",
                            "node_pool.0.node_config.0.local_ssd_count": "0",
                            "node_pool.0.node_config.0.machine_type": "n1-standard-1",
                            "node_pool.0.node_config.0.metadata.%": "0",
                            "node_pool.0.node_config.0.min_cpu_platform": "",
                            "node_pool.0.node_config.0.oauth_scopes.#": "6",
                            "node_pool.0.node_config.0.oauth_scopes.1277378754": "https://www.googleapis.com/auth/monitoring",
                            "node_pool.0.node_config.0.oauth_scopes.1632638332": "https://www.googleapis.com/auth/devstorage.read_only",
                            "node_pool.0.node_config.0.oauth_scopes.172152165": "https://www.googleapis.com/auth/logging.write",
                            "node_pool.0.node_config.0.oauth_scopes.316356861": "https://www.googleapis.com/auth/service.management.readonly",
                            "node_pool.0.node_config.0.oauth_scopes.3663490875": "https://www.googleapis.com/auth/servicecontrol",
                            "node_pool.0.node_config.0.oauth_scopes.3859019814": "https://www.googleapis.com/auth/trace.append",
                            "node_pool.0.node_config.0.preemptible": "false",
                            "node_pool.0.node_config.0.service_account": "default",
                            "node_pool.0.node_config.0.tags.#": "0",
                            "node_pool.0.node_config.0.taint.#": "0",
                            "node_pool.0.node_config.0.workload_metadata_config.#": "0",
                            "node_pool.0.node_count": "3",
                            "node_pool.0.version": "1.11.7-gke.4",
                            "node_version": "1.11.7-gke.4",
                            "private_cluster_config.#": "0",
                            "project": "uusip-235107",
                            "resource_labels.%": "0",
                            "subnetwork": "projects/uusip-235107/regions/europe-north1/subnetworks/default",
                            "zone": "europe-north1-b"
                        },
                        "meta": {
                            "e2bfb730-ecaa-11e6-8f88-34363bc7c4c0": {
                                "create": 1800000000000,
                                "delete": 1800000000000,
                                "update": 1800000000000
                            },
                            "schema_version": "1"
                        },
                        "tainted": false
                    },
                    "deposed": [],
                    "provider": "provider.google"
                }
            },
            "depends_on": []
        }
    ]
}
